{
  "name": "case320k",
  "version": "1.0.0",
  "lockfileVersion": 1,
  "requires": true,
  "dependencies": {
    "@clr/ui": {
      "version": "3.1.0",
      "resolved": "https://registry.npmjs.org/@clr/ui/-/ui-3.1.0.tgz",
      "integrity": "sha512-7W0K+eA2uNV1eL+se8eopaaN/TmWk7mYC6hynkq5YSE1S5SquNmcRLvKgpojdLpS9jXVBszO1xWlQtCpxd4BGg=="
    }
  }
}
